# THIS IS AN AUTOGENERATED FILE. DO NOT EDIT THIS FILE DIRECTLY.
# yarn lockfile v1


bpmnlint-utils@^1.0.2:
  version "1.0.2"
  resolved "https://registry.nlark.com/bpmnlint-utils/download/bpmnlint-utils-1.0.2.tgz#23be224a058a3e7a9da94a5ad8d1df6c4d741a73"
  integrity sha1-I74iSgWKPnqdqUpa2NHfbE10GnM=
